{
  "name": "chainreact",
  "version": "0.0.1",
  "lockfileVersion": 1,
  "requires": true,
  "dependencies": {
    "art": {
      "version": "0.10.2",
      "resolved": "https://registry.npmjs.org/art/-/art-0.10.2.tgz",
      "integrity": "sha512-0F3cb+pWScVwrbAi3b/GINGTZ4DKMcaKqzBIt57whlpkgCiJXA0vXR9fdlcvCnA/UzWJYSAFEslRXZQDypiW6A=="
    }
  }
}
